PODS:
  - Capacitor (5.1.1):
    - CapacitorCordova
  - CapacitorCordova (5.1.1)

DEPENDENCIES:
  - "Capacitor (from `../../../../node_modules/.pnpm/@capacitor+ios@5.1.1_@capacitor+core@5.1.1/node_modules/@capacitor/ios`)"
  - "CapacitorCordova (from `../../../../node_modules/.pnpm/@capacitor+ios@5.1.1_@capacitor+core@5.1.1/node_modules/@capacitor/ios`)"

EXTERNAL SOURCES:
  Capacitor:
    :path: "../../../../node_modules/.pnpm/@capacitor+ios@5.1.1_@capacitor+core@5.1.1/node_modules/@capacitor/ios"
  CapacitorCordova:
    :path: "../../../../node_modules/.pnpm/@capacitor+ios@5.1.1_@capacitor+core@5.1.1/node_modules/@capacitor/ios"

SPEC CHECKSUMS:
  Capacitor: 55956e1199b63efcd7f2dedffa5c6b9129c45aae
  CapacitorCordova: b31a46ad379c93a5c04e0598a6164e8cb90c2bb2

PODFILE CHECKSUM: aa9a20356b900afa3032c453d6cf8d654916ec5b

COCOAPODS: 1.11.3
